// !$*UTF8*$!
{
	archiveVersion = 1;
	classes = {
	};
	objectVersion = 56;
	objects = {

/* Begin PBXBuildFile section */
		A100000000000000000001B1 /* AIStudioApp.swift in Sources */ = {isa = PBXBuildFile; fileRef = A10000000000000000000001 /* AIStudioApp.swift */; };
		A100000000000000000002B1 /* ContentView.swift in Sources */ = {isa = PBXBuildFile; fileRef = A10000000000000000000002 /* ContentView.swift */; };
		A100000000000000000003B1 /* AppSettings.swift in Sources */ = {isa = PBXBuildFile; fileRef = A10000000000000000000003 /* AppSettings.swift */; };
		A100000000000000000004B1 /* GenerationRequest.swift in Sources */ = {isa = PBXBuildFile; fileRef = A10000000000000000000004 /* GenerationRequest.swift */; };
		A100000000000000000005B1 /* GenerationResult.swift in Sources */ = {isa = PBXBuildFile; fileRef = A10000000000000000000005 /* GenerationResult.swift */; };
		A100000000000000000006B1 /* BackendConfiguration.swift in Sources */ = {isa = PBXBuildFile; fileRef = A10000000000000000000006 /* BackendConfiguration.swift */; };
		A100000000000000000007B1 /* MediaItem.swift in Sources */ = {isa = PBXBuildFile; fileRef = A10000000000000000000007 /* MediaItem.swift */; };
		A100000000000000000008B1 /* ImageBackendProtocol.swift in Sources */ = {isa = PBXBuildFile; fileRef = A10000000000000000000008 /* ImageBackendProtocol.swift */; };
		A100000000000000000009B1 /* Automatic1111Service.swift in Sources */ = {isa = PBXBuildFile; fileRef = A10000000000000000000009 /* Automatic1111Service.swift */; };
		A10000000000000000000AB1 /* BackendManager.swift in Sources */ = {isa = PBXBuildFile; fileRef = A1000000000000000000000A /* BackendManager.swift */; };
		A10000000000000000000BB1 /* ImageGenerationViewModel.swift in Sources */ = {isa = PBXBuildFile; fileRef = A1000000000000000000000B /* ImageGenerationViewModel.swift */; };
		A10000000000000000000CB1 /* ImageGenerationView.swift in Sources */ = {isa = PBXBuildFile; fileRef = A1000000000000000000000C /* ImageGenerationView.swift */; };
		A10000000000000000000DB1 /* ImagePromptView.swift in Sources */ = {isa = PBXBuildFile; fileRef = A1000000000000000000000D /* ImagePromptView.swift */; };
		A10000000000000000000EB1 /* ImageParametersView.swift in Sources */ = {isa = PBXBuildFile; fileRef = A1000000000000000000000E /* ImageParametersView.swift */; };
		A10000000000000000000FB1 /* ImagePreviewView.swift in Sources */ = {isa = PBXBuildFile; fileRef = A1000000000000000000000F /* ImagePreviewView.swift */; };
		A100000000000000000010B1 /* BackendSelectorView.swift in Sources */ = {isa = PBXBuildFile; fileRef = A10000000000000000000010 /* BackendSelectorView.swift */; };
		A100000000000000000011B1 /* ProgressOverlayView.swift in Sources */ = {isa = PBXBuildFile; fileRef = A10000000000000000000011 /* ProgressOverlayView.swift */; };
		A100000000000000000012B1 /* StatusBarView.swift in Sources */ = {isa = PBXBuildFile; fileRef = A10000000000000000000012 /* StatusBarView.swift */; };
		A100000000000000000013B1 /* SettingsView.swift in Sources */ = {isa = PBXBuildFile; fileRef = A10000000000000000000013 /* SettingsView.swift */; };
		A100000000000000000014B1 /* BackendSettingsView.swift in Sources */ = {isa = PBXBuildFile; fileRef = A10000000000000000000014 /* BackendSettingsView.swift */; };
		A100000000000000000015B1 /* SecureLogger.swift in Sources */ = {isa = PBXBuildFile; fileRef = A10000000000000000000015 /* SecureLogger.swift */; };
		A100000000000000000016B1 /* SecurityUtils.swift in Sources */ = {isa = PBXBuildFile; fileRef = A10000000000000000000016 /* SecurityUtils.swift */; };
		A100000000000000000017B1 /* ImageUtils.swift in Sources */ = {isa = PBXBuildFile; fileRef = A10000000000000000000017 /* ImageUtils.swift */; };
		A100000000000000000018B1 /* FileOrganizer.swift in Sources */ = {isa = PBXBuildFile; fileRef = A10000000000000000000018 /* FileOrganizer.swift */; };
		A10000000000000000001AB1 /* Assets.xcassets in Resources */ = {isa = PBXBuildFile; fileRef = A1000000000000000000001A /* Assets.xcassets */; };
		/* Phase 2-5 new files */
		A100000000000000000020B1 /* ComfyUIService.swift in Sources */ = {isa = PBXBuildFile; fileRef = A10000000000000000000020 /* ComfyUIService.swift */; };
		A100000000000000000021B1 /* PythonDaemonService.swift in Sources */ = {isa = PBXBuildFile; fileRef = A10000000000000000000021 /* PythonDaemonService.swift */; };
		A100000000000000000022B1 /* MLXImageService.swift in Sources */ = {isa = PBXBuildFile; fileRef = A10000000000000000000022 /* MLXImageService.swift */; };
		A100000000000000000023B1 /* MLXAudioService.swift in Sources */ = {isa = PBXBuildFile; fileRef = A10000000000000000000023 /* MLXAudioService.swift */; };
		A100000000000000000024B1 /* SwarmUIService.swift in Sources */ = {isa = PBXBuildFile; fileRef = A10000000000000000000024 /* SwarmUIService.swift */; };
		A100000000000000000025B1 /* GalleryService.swift in Sources */ = {isa = PBXBuildFile; fileRef = A10000000000000000000025 /* GalleryService.swift */; };
		A100000000000000000026B1 /* MediaExportService.swift in Sources */ = {isa = PBXBuildFile; fileRef = A10000000000000000000026 /* MediaExportService.swift */; };
		A100000000000000000027B1 /* VideoGenerationViewModel.swift in Sources */ = {isa = PBXBuildFile; fileRef = A10000000000000000000027 /* VideoGenerationViewModel.swift */; };
		A100000000000000000028B1 /* AudioViewModel.swift in Sources */ = {isa = PBXBuildFile; fileRef = A10000000000000000000028 /* AudioViewModel.swift */; };
		A100000000000000000029B1 /* GalleryViewModel.swift in Sources */ = {isa = PBXBuildFile; fileRef = A10000000000000000000029 /* GalleryViewModel.swift */; };
		A10000000000000000002AB1 /* VideoGenerationView.swift in Sources */ = {isa = PBXBuildFile; fileRef = A1000000000000000000002A /* VideoGenerationView.swift */; };
		A10000000000000000002BB1 /* VideoPreviewView.swift in Sources */ = {isa = PBXBuildFile; fileRef = A1000000000000000000002B /* VideoPreviewView.swift */; };
		A10000000000000000002CB1 /* AudioTabView.swift in Sources */ = {isa = PBXBuildFile; fileRef = A1000000000000000000002C /* AudioTabView.swift */; };
		A10000000000000000002DB1 /* TTSView.swift in Sources */ = {isa = PBXBuildFile; fileRef = A1000000000000000000002D /* TTSView.swift */; };
		A10000000000000000002EB1 /* VoiceCloningView.swift in Sources */ = {isa = PBXBuildFile; fileRef = A1000000000000000000002E /* VoiceCloningView.swift */; };
		A10000000000000000002FB1 /* MusicGenerationView.swift in Sources */ = {isa = PBXBuildFile; fileRef = A1000000000000000000002F /* MusicGenerationView.swift */; };
		A100000000000000000030B1 /* SpeechToTextView.swift in Sources */ = {isa = PBXBuildFile; fileRef = A10000000000000000000030 /* SpeechToTextView.swift */; };
		A100000000000000000031B1 /* AudioPlayerView.swift in Sources */ = {isa = PBXBuildFile; fileRef = A10000000000000000000031 /* AudioPlayerView.swift */; };
		A100000000000000000032B1 /* GalleryView.swift in Sources */ = {isa = PBXBuildFile; fileRef = A10000000000000000000032 /* GalleryView.swift */; };
		A100000000000000000033B1 /* GalleryGridView.swift in Sources */ = {isa = PBXBuildFile; fileRef = A10000000000000000000033 /* GalleryGridView.swift */; };
		A100000000000000000034B1 /* MediaDetailView.swift in Sources */ = {isa = PBXBuildFile; fileRef = A10000000000000000000034 /* MediaDetailView.swift */; };
		/* LLM Chat files */
		A100000000000000000040B1 /* LLMBackendType.swift in Sources */ = {isa = PBXBuildFile; fileRef = A10000000000000000000040 /* LLMBackendType.swift */; };
		A100000000000000000041B1 /* ChatMessage.swift in Sources */ = {isa = PBXBuildFile; fileRef = A10000000000000000000041 /* ChatMessage.swift */; };
		A100000000000000000042B1 /* LLMBackendManager.swift in Sources */ = {isa = PBXBuildFile; fileRef = A10000000000000000000042 /* LLMBackendManager.swift */; };
		A100000000000000000043B1 /* ChatViewModel.swift in Sources */ = {isa = PBXBuildFile; fileRef = A10000000000000000000043 /* ChatViewModel.swift */; };
		A100000000000000000044B1 /* ChatView.swift in Sources */ = {isa = PBXBuildFile; fileRef = A10000000000000000000044 /* ChatView.swift */; };
		A100000000000000000045B1 /* ChatMessageView.swift in Sources */ = {isa = PBXBuildFile; fileRef = A10000000000000000000045 /* ChatMessageView.swift */; };
		A100000000000000000046B1 /* LLMBackendStatusMenu.swift in Sources */ = {isa = PBXBuildFile; fileRef = A10000000000000000000046 /* LLMBackendStatusMenu.swift */; };
		A100000000000000000047B1 /* LLMSettingsView.swift in Sources */ = {isa = PBXBuildFile; fileRef = A10000000000000000000047 /* LLMSettingsView.swift */; };
		/* Widget files */
		A100000000000000000050B1 /* WidgetDataSync.swift in Sources */ = {isa = PBXBuildFile; fileRef = A10000000000000000000050 /* WidgetDataSync.swift */; };
		A100000000000000000060B1 /* GenerationQueue.swift in Sources */ = {isa = PBXBuildFile; fileRef = A10000000000000000000060 /* GenerationQueue.swift */; };
		A100000000000000000061B1 /* GenerationQueueView.swift in Sources */ = {isa = PBXBuildFile; fileRef = A10000000000000000000061 /* GenerationQueueView.swift */; };
		A100000000000000000062B1 /* PromptHistory.swift in Sources */ = {isa = PBXBuildFile; fileRef = A10000000000000000000062 /* PromptHistory.swift */; };
		A100000000000000000063B1 /* RetryHandler.swift in Sources */ = {isa = PBXBuildFile; fileRef = A10000000000000000000063 /* RetryHandler.swift */; };
		A100000000000000000064B1 /* ImageComparisonView.swift in Sources */ = {isa = PBXBuildFile; fileRef = A10000000000000000000064 /* ImageComparisonView.swift */; };
		A100000000000000000065B1 /* PromptHistoryView.swift in Sources */ = {isa = PBXBuildFile; fileRef = A10000000000000000000065 /* PromptHistoryView.swift */; };
		W1DGET1AIST_APPEXEMB123 /* AIStudio Widget.appex in Embed Foundation Extensions */ = {isa = PBXBuildFile; fileRef = W1DGET1AIST_APPEX123456 /* AIStudio Widget.appex */; settings = {ATTRIBUTES = (RemoveHeadersOnCopy, ); }; };
		W1DGET1AIST_BLDMAIN1234 /* AIStudioWidget.swift in Sources */ = {isa = PBXBuildFile; fileRef = W1DGET1AIST_SRCMAIN1234 /* AIStudioWidget.swift */; };
		W1DGET1AIST_BLDDATA1234 /* WidgetData.swift in Sources */ = {isa = PBXBuildFile; fileRef = W1DGET1AIST_SRCDATA1234 /* WidgetData.swift */; };
		W1DGET1AIST_BLDSHRD1234 /* SharedDataManager.swift in Sources */ = {isa = PBXBuildFile; fileRef = W1DGET1AIST_SRCSHRD1234 /* SharedDataManager.swift */; };
		W1DGET1AIST_BLDASST1234 /* Assets.xcassets in Resources */ = {isa = PBXBuildFile; fileRef = A1000000000000000000001A /* Assets.xcassets */; };
		/* Python daemon files in Resources */
		PY00000000000000000001B1 /* aistudio_daemon.py in Resources */ = {isa = PBXBuildFile; fileRef = PY0000000000000000000001 /* aistudio_daemon.py */; };
		PY00000000000000000002B1 /* mlx_image_gen.py in Resources */ = {isa = PBXBuildFile; fileRef = PY0000000000000000000002 /* mlx_image_gen.py */; };
		PY00000000000000000003B1 /* mlx_tts.py in Resources */ = {isa = PBXBuildFile; fileRef = PY0000000000000000000003 /* mlx_tts.py */; };
		PY00000000000000000004B1 /* mlx_voice_clone.py in Resources */ = {isa = PBXBuildFile; fileRef = PY0000000000000000000004 /* mlx_voice_clone.py */; };
		PY00000000000000000005B1 /* mlx_whisper_stt.py in Resources */ = {isa = PBXBuildFile; fileRef = PY0000000000000000000005 /* mlx_whisper_stt.py */; };
		PY00000000000000000006B1 /* mlx_music_gen.py in Resources */ = {isa = PBXBuildFile; fileRef = PY0000000000000000000006 /* mlx_music_gen.py */; };
		PY00000000000000000007B1 /* requirements.txt in Resources */ = {isa = PBXBuildFile; fileRef = PY0000000000000000000007 /* requirements.txt */; };
/* End PBXBuildFile section */

/* Begin PBXContainerItemProxy section */
		W1DGET1AIST_PROXY123456 /* PBXContainerItemProxy */ = {
			isa = PBXContainerItemProxy;
			containerPortal = E10000000000000000000007 /* Project object */;
			proxyType = 1;
			remoteGlobalIDString = W1DGET1AIST_TARGET12345;
			remoteInfo = "AIStudio Widget";
		};
/* End PBXContainerItemProxy section */

/* Begin PBXCopyFilesBuildPhase section */
		W1DGET1AIST_EMBED123456 /* Embed Foundation Extensions */ = {
			isa = PBXCopyFilesBuildPhase;
			buildActionMask = 2147483647;
			dstPath = "";
			dstSubfolderSpec = 13;
			files = (
				W1DGET1AIST_APPEXEMB123 /* AIStudio Widget.appex in Embed Foundation Extensions */,
			);
			name = "Embed Foundation Extensions";
			runOnlyForDeploymentPostprocessing = 0;
		};
/* End PBXCopyFilesBuildPhase section */

/* Begin PBXFileReference section */
		A10000000000000000000001 /* AIStudioApp.swift */ = {isa = PBXFileReference; lastKnownFileType = sourcecode.swift; path = AIStudioApp.swift; sourceTree = "<group>"; };
		A10000000000000000000002 /* ContentView.swift */ = {isa = PBXFileReference; lastKnownFileType = sourcecode.swift; path = ContentView.swift; sourceTree = "<group>"; };
		A10000000000000000000003 /* AppSettings.swift */ = {isa = PBXFileReference; lastKnownFileType = sourcecode.swift; path = AppSettings.swift; sourceTree = "<group>"; };
		A10000000000000000000004 /* GenerationRequest.swift */ = {isa = PBXFileReference; lastKnownFileType = sourcecode.swift; path = GenerationRequest.swift; sourceTree = "<group>"; };
		A10000000000000000000005 /* GenerationResult.swift */ = {isa = PBXFileReference; lastKnownFileType = sourcecode.swift; path = GenerationResult.swift; sourceTree = "<group>"; };
		A10000000000000000000006 /* BackendConfiguration.swift */ = {isa = PBXFileReference; lastKnownFileType = sourcecode.swift; path = BackendConfiguration.swift; sourceTree = "<group>"; };
		A10000000000000000000007 /* MediaItem.swift */ = {isa = PBXFileReference; lastKnownFileType = sourcecode.swift; path = MediaItem.swift; sourceTree = "<group>"; };
		A10000000000000000000008 /* ImageBackendProtocol.swift */ = {isa = PBXFileReference; lastKnownFileType = sourcecode.swift; path = ImageBackendProtocol.swift; sourceTree = "<group>"; };
		A10000000000000000000009 /* Automatic1111Service.swift */ = {isa = PBXFileReference; lastKnownFileType = sourcecode.swift; path = Automatic1111Service.swift; sourceTree = "<group>"; };
		A1000000000000000000000A /* BackendManager.swift */ = {isa = PBXFileReference; lastKnownFileType = sourcecode.swift; path = BackendManager.swift; sourceTree = "<group>"; };
		A1000000000000000000000B /* ImageGenerationViewModel.swift */ = {isa = PBXFileReference; lastKnownFileType = sourcecode.swift; path = ImageGenerationViewModel.swift; sourceTree = "<group>"; };
		A1000000000000000000000C /* ImageGenerationView.swift */ = {isa = PBXFileReference; lastKnownFileType = sourcecode.swift; path = ImageGenerationView.swift; sourceTree = "<group>"; };
		A1000000000000000000000D /* ImagePromptView.swift */ = {isa = PBXFileReference; lastKnownFileType = sourcecode.swift; path = ImagePromptView.swift; sourceTree = "<group>"; };
		A1000000000000000000000E /* ImageParametersView.swift */ = {isa = PBXFileReference; lastKnownFileType = sourcecode.swift; path = ImageParametersView.swift; sourceTree = "<group>"; };
		A1000000000000000000000F /* ImagePreviewView.swift */ = {isa = PBXFileReference; lastKnownFileType = sourcecode.swift; path = ImagePreviewView.swift; sourceTree = "<group>"; };
		A10000000000000000000010 /* BackendSelectorView.swift */ = {isa = PBXFileReference; lastKnownFileType = sourcecode.swift; path = BackendSelectorView.swift; sourceTree = "<group>"; };
		A10000000000000000000011 /* ProgressOverlayView.swift */ = {isa = PBXFileReference; lastKnownFileType = sourcecode.swift; path = ProgressOverlayView.swift; sourceTree = "<group>"; };
		A10000000000000000000012 /* StatusBarView.swift */ = {isa = PBXFileReference; lastKnownFileType = sourcecode.swift; path = StatusBarView.swift; sourceTree = "<group>"; };
		A10000000000000000000013 /* SettingsView.swift */ = {isa = PBXFileReference; lastKnownFileType = sourcecode.swift; path = SettingsView.swift; sourceTree = "<group>"; };
		A10000000000000000000014 /* BackendSettingsView.swift */ = {isa = PBXFileReference; lastKnownFileType = sourcecode.swift; path = BackendSettingsView.swift; sourceTree = "<group>"; };
		A10000000000000000000015 /* SecureLogger.swift */ = {isa = PBXFileReference; lastKnownFileType = sourcecode.swift; path = SecureLogger.swift; sourceTree = "<group>"; };
		A10000000000000000000016 /* SecurityUtils.swift */ = {isa = PBXFileReference; lastKnownFileType = sourcecode.swift; path = SecurityUtils.swift; sourceTree = "<group>"; };
		A10000000000000000000017 /* ImageUtils.swift */ = {isa = PBXFileReference; lastKnownFileType = sourcecode.swift; path = ImageUtils.swift; sourceTree = "<group>"; };
		A10000000000000000000018 /* FileOrganizer.swift */ = {isa = PBXFileReference; lastKnownFileType = sourcecode.swift; path = FileOrganizer.swift; sourceTree = "<group>"; };
		A10000000000000000000019 /* AIStudio.entitlements */ = {isa = PBXFileReference; lastKnownFileType = text.plist.entitlements; path = AIStudio.entitlements; sourceTree = "<group>"; };
		A1000000000000000000001A /* Assets.xcassets */ = {isa = PBXFileReference; lastKnownFileType = folder.assetcatalog; path = Assets.xcassets; sourceTree = "<group>"; };
		A1000000000000000000001B /* AIStudio.app */ = {isa = PBXFileReference; explicitFileType = wrapper.application; includeInIndex = 0; path = AIStudio.app; sourceTree = BUILT_PRODUCTS_DIR; };
		/* Phase 2-5 new files */
		A10000000000000000000020 /* ComfyUIService.swift */ = {isa = PBXFileReference; lastKnownFileType = sourcecode.swift; path = ComfyUIService.swift; sourceTree = "<group>"; };
		A10000000000000000000021 /* PythonDaemonService.swift */ = {isa = PBXFileReference; lastKnownFileType = sourcecode.swift; path = PythonDaemonService.swift; sourceTree = "<group>"; };
		A10000000000000000000022 /* MLXImageService.swift */ = {isa = PBXFileReference; lastKnownFileType = sourcecode.swift; path = MLXImageService.swift; sourceTree = "<group>"; };
		A10000000000000000000023 /* MLXAudioService.swift */ = {isa = PBXFileReference; lastKnownFileType = sourcecode.swift; path = MLXAudioService.swift; sourceTree = "<group>"; };
		A10000000000000000000024 /* SwarmUIService.swift */ = {isa = PBXFileReference; lastKnownFileType = sourcecode.swift; path = SwarmUIService.swift; sourceTree = "<group>"; };
		A10000000000000000000025 /* GalleryService.swift */ = {isa = PBXFileReference; lastKnownFileType = sourcecode.swift; path = GalleryService.swift; sourceTree = "<group>"; };
		A10000000000000000000026 /* MediaExportService.swift */ = {isa = PBXFileReference; lastKnownFileType = sourcecode.swift; path = MediaExportService.swift; sourceTree = "<group>"; };
		A10000000000000000000027 /* VideoGenerationViewModel.swift */ = {isa = PBXFileReference; lastKnownFileType = sourcecode.swift; path = VideoGenerationViewModel.swift; sourceTree = "<group>"; };
		A10000000000000000000028 /* AudioViewModel.swift */ = {isa = PBXFileReference; lastKnownFileType = sourcecode.swift; path = AudioViewModel.swift; sourceTree = "<group>"; };
		A10000000000000000000029 /* GalleryViewModel.swift */ = {isa = PBXFileReference; lastKnownFileType = sourcecode.swift; path = GalleryViewModel.swift; sourceTree = "<group>"; };
		A1000000000000000000002A /* VideoGenerationView.swift */ = {isa = PBXFileReference; lastKnownFileType = sourcecode.swift; path = VideoGenerationView.swift; sourceTree = "<group>"; };
		A1000000000000000000002B /* VideoPreviewView.swift */ = {isa = PBXFileReference; lastKnownFileType = sourcecode.swift; path = VideoPreviewView.swift; sourceTree = "<group>"; };
		A1000000000000000000002C /* AudioTabView.swift */ = {isa = PBXFileReference; lastKnownFileType = sourcecode.swift; path = AudioTabView.swift; sourceTree = "<group>"; };
		A1000000000000000000002D /* TTSView.swift */ = {isa = PBXFileReference; lastKnownFileType = sourcecode.swift; path = TTSView.swift; sourceTree = "<group>"; };
		A1000000000000000000002E /* VoiceCloningView.swift */ = {isa = PBXFileReference; lastKnownFileType = sourcecode.swift; path = VoiceCloningView.swift; sourceTree = "<group>"; };
		A1000000000000000000002F /* MusicGenerationView.swift */ = {isa = PBXFileReference; lastKnownFileType = sourcecode.swift; path = MusicGenerationView.swift; sourceTree = "<group>"; };
		A10000000000000000000030 /* SpeechToTextView.swift */ = {isa = PBXFileReference; lastKnownFileType = sourcecode.swift; path = SpeechToTextView.swift; sourceTree = "<group>"; };
		A10000000000000000000031 /* AudioPlayerView.swift */ = {isa = PBXFileReference; lastKnownFileType = sourcecode.swift; path = AudioPlayerView.swift; sourceTree = "<group>"; };
		A10000000000000000000032 /* GalleryView.swift */ = {isa = PBXFileReference; lastKnownFileType = sourcecode.swift; path = GalleryView.swift; sourceTree = "<group>"; };
		A10000000000000000000033 /* GalleryGridView.swift */ = {isa = PBXFileReference; lastKnownFileType = sourcecode.swift; path = GalleryGridView.swift; sourceTree = "<group>"; };
		A10000000000000000000034 /* MediaDetailView.swift */ = {isa = PBXFileReference; lastKnownFileType = sourcecode.swift; path = MediaDetailView.swift; sourceTree = "<group>"; };
		/* LLM Chat files */
		A10000000000000000000040 /* LLMBackendType.swift */ = {isa = PBXFileReference; lastKnownFileType = sourcecode.swift; path = LLMBackendType.swift; sourceTree = "<group>"; };
		A10000000000000000000041 /* ChatMessage.swift */ = {isa = PBXFileReference; lastKnownFileType = sourcecode.swift; path = ChatMessage.swift; sourceTree = "<group>"; };
		A10000000000000000000042 /* LLMBackendManager.swift */ = {isa = PBXFileReference; lastKnownFileType = sourcecode.swift; path = LLMBackendManager.swift; sourceTree = "<group>"; };
		A10000000000000000000043 /* ChatViewModel.swift */ = {isa = PBXFileReference; lastKnownFileType = sourcecode.swift; path = ChatViewModel.swift; sourceTree = "<group>"; };
		A10000000000000000000044 /* ChatView.swift */ = {isa = PBXFileReference; lastKnownFileType = sourcecode.swift; path = ChatView.swift; sourceTree = "<group>"; };
		A10000000000000000000045 /* ChatMessageView.swift */ = {isa = PBXFileReference; lastKnownFileType = sourcecode.swift; path = ChatMessageView.swift; sourceTree = "<group>"; };
		A10000000000000000000046 /* LLMBackendStatusMenu.swift */ = {isa = PBXFileReference; lastKnownFileType = sourcecode.swift; path = LLMBackendStatusMenu.swift; sourceTree = "<group>"; };
		A10000000000000000000047 /* LLMSettingsView.swift */ = {isa = PBXFileReference; lastKnownFileType = sourcecode.swift; path = LLMSettingsView.swift; sourceTree = "<group>"; };
		/* Widget files */
		A10000000000000000000050 /* WidgetDataSync.swift */ = {isa = PBXFileReference; lastKnownFileType = sourcecode.swift; path = WidgetDataSync.swift; sourceTree = "<group>"; };
		A10000000000000000000060 /* GenerationQueue.swift */ = {isa = PBXFileReference; lastKnownFileType = sourcecode.swift; path = GenerationQueue.swift; sourceTree = "<group>"; };
		A10000000000000000000061 /* GenerationQueueView.swift */ = {isa = PBXFileReference; lastKnownFileType = sourcecode.swift; path = GenerationQueueView.swift; sourceTree = "<group>"; };
		A10000000000000000000062 /* PromptHistory.swift */ = {isa = PBXFileReference; lastKnownFileType = sourcecode.swift; path = PromptHistory.swift; sourceTree = "<group>"; };
		A10000000000000000000063 /* RetryHandler.swift */ = {isa = PBXFileReference; lastKnownFileType = sourcecode.swift; path = RetryHandler.swift; sourceTree = "<group>"; };
		A10000000000000000000064 /* ImageComparisonView.swift */ = {isa = PBXFileReference; lastKnownFileType = sourcecode.swift; path = ImageComparisonView.swift; sourceTree = "<group>"; };
		A10000000000000000000065 /* PromptHistoryView.swift */ = {isa = PBXFileReference; lastKnownFileType = sourcecode.swift; path = PromptHistoryView.swift; sourceTree = "<group>"; };
		W1DGET1AIST_APPEX123456 /* AIStudio Widget.appex */ = {isa = PBXFileReference; explicitFileType = "wrapper.app-extension"; includeInIndex = 0; path = "AIStudio Widget.appex"; sourceTree = BUILT_PRODUCTS_DIR; };
		W1DGET1AIST_SRCMAIN1234 /* AIStudioWidget.swift */ = {isa = PBXFileReference; lastKnownFileType = sourcecode.swift; path = AIStudioWidget.swift; sourceTree = "<group>"; };
		W1DGET1AIST_SRCDATA1234 /* WidgetData.swift */ = {isa = PBXFileReference; lastKnownFileType = sourcecode.swift; path = WidgetData.swift; sourceTree = "<group>"; };
		W1DGET1AIST_SRCSHRD1234 /* SharedDataManager.swift */ = {isa = PBXFileReference; lastKnownFileType = sourcecode.swift; path = SharedDataManager.swift; sourceTree = "<group>"; };
		W1DGET1AIST_ENTITLE1234 /* AIStudio_Widget.entitlements */ = {isa = PBXFileReference; lastKnownFileType = text.plist.entitlements; path = AIStudio_Widget.entitlements; sourceTree = "<group>"; };
		/* Python daemon files */
		PY0000000000000000000001 /* aistudio_daemon.py */ = {isa = PBXFileReference; lastKnownFileType = text.script.python; path = aistudio_daemon.py; sourceTree = "<group>"; };
		PY0000000000000000000002 /* mlx_image_gen.py */ = {isa = PBXFileReference; lastKnownFileType = text.script.python; path = mlx_image_gen.py; sourceTree = "<group>"; };
		PY0000000000000000000003 /* mlx_tts.py */ = {isa = PBXFileReference; lastKnownFileType = text.script.python; path = mlx_tts.py; sourceTree = "<group>"; };
		PY0000000000000000000004 /* mlx_voice_clone.py */ = {isa = PBXFileReference; lastKnownFileType = text.script.python; path = mlx_voice_clone.py; sourceTree = "<group>"; };
		PY0000000000000000000005 /* mlx_whisper_stt.py */ = {isa = PBXFileReference; lastKnownFileType = text.script.python; path = mlx_whisper_stt.py; sourceTree = "<group>"; };
		PY0000000000000000000006 /* mlx_music_gen.py */ = {isa = PBXFileReference; lastKnownFileType = text.script.python; path = mlx_music_gen.py; sourceTree = "<group>"; };
		PY0000000000000000000007 /* requirements.txt */ = {isa = PBXFileReference; lastKnownFileType = text; path = requirements.txt; sourceTree = "<group>"; };
/* End PBXFileReference section */

/* Begin PBXFrameworksBuildPhase section */
		D10000000000000000000003 /* Frameworks */ = {
			isa = PBXFrameworksBuildPhase;
			buildActionMask = 2147483647;
			files = (
			);
			runOnlyForDeploymentPostprocessing = 0;
		};
		W1DGET1AIST_FRMPHASE123 /* Frameworks */ = {
			isa = PBXFrameworksBuildPhase;
			buildActionMask = 2147483647;
			files = (
			);
			runOnlyForDeploymentPostprocessing = 0;
		};
/* End PBXFrameworksBuildPhase section */

/* Begin PBXGroup section */
		C10000000000000000000001 /* Root */ = {
			isa = PBXGroup;
			children = (
				C10000000000000000000002 /* AIStudio */,
				W1DGET1AIST_GROUP123456 /* AIStudio Widget */,
				C1000000000000000000000E /* Products */,
			);
			sourceTree = "<group>";
		};
		C10000000000000000000002 /* AIStudio */ = {
			isa = PBXGroup;
			children = (
				A10000000000000000000001 /* AIStudioApp.swift */,
				A10000000000000000000002 /* ContentView.swift */,
				C10000000000000000000003 /* Models */,
				C10000000000000000000004 /* Services */,
				C10000000000000000000005 /* ViewModels */,
				C10000000000000000000006 /* Views */,
				C1000000000000000000000D /* Utilities */,
				PYGRP00000000000000001 /* Python */,
				A10000000000000000000019 /* AIStudio.entitlements */,
				A1000000000000000000001A /* Assets.xcassets */,
			);
			path = AIStudio;
			sourceTree = "<group>";
		};
		C10000000000000000000003 /* Models */ = {
			isa = PBXGroup;
			children = (
				A10000000000000000000003 /* AppSettings.swift */,
				A10000000000000000000004 /* GenerationRequest.swift */,
				A10000000000000000000005 /* GenerationResult.swift */,
				A10000000000000000000006 /* BackendConfiguration.swift */,
				A10000000000000000000007 /* MediaItem.swift */,
				A10000000000000000000040 /* LLMBackendType.swift */,
				A10000000000000000000041 /* ChatMessage.swift */,
			);
			path = Models;
			sourceTree = "<group>";
		};
		C10000000000000000000004 /* Services */ = {
			isa = PBXGroup;
			children = (
				A10000000000000000000008 /* ImageBackendProtocol.swift */,
				A10000000000000000000009 /* Automatic1111Service.swift */,
				A10000000000000000000020 /* ComfyUIService.swift */,
				A10000000000000000000024 /* SwarmUIService.swift */,
				A10000000000000000000022 /* MLXImageService.swift */,
				A10000000000000000000023 /* MLXAudioService.swift */,
				A10000000000000000000021 /* PythonDaemonService.swift */,
				A1000000000000000000000A /* BackendManager.swift */,
				A10000000000000000000025 /* GalleryService.swift */,
				A10000000000000000000026 /* MediaExportService.swift */,
				A10000000000000000000042 /* LLMBackendManager.swift */,
				A10000000000000000000050 /* WidgetDataSync.swift */,
				A10000000000000000000060 /* GenerationQueue.swift */,
				A10000000000000000000062 /* PromptHistory.swift */,
			);
			path = Services;
			sourceTree = "<group>";
		};
		C10000000000000000000005 /* ViewModels */ = {
			isa = PBXGroup;
			children = (
				A1000000000000000000000B /* ImageGenerationViewModel.swift */,
				A10000000000000000000027 /* VideoGenerationViewModel.swift */,
				A10000000000000000000028 /* AudioViewModel.swift */,
				A10000000000000000000029 /* GalleryViewModel.swift */,
				A10000000000000000000043 /* ChatViewModel.swift */,
			);
			path = ViewModels;
			sourceTree = "<group>";
		};
		C10000000000000000000006 /* Views */ = {
			isa = PBXGroup;
			children = (
				C10000000000000000000007 /* Images */,
				C1000000000000000000000A /* Videos */,
				C1000000000000000000000B /* Audio */,
				C10000000000000000000010 /* Chat */,
				C1000000000000000000000C /* Gallery */,
				C10000000000000000000008 /* Common */,
				C10000000000000000000009 /* Settings */,
			);
			path = Views;
			sourceTree = "<group>";
		};
		C10000000000000000000007 /* Images */ = {
			isa = PBXGroup;
			children = (
				A1000000000000000000000C /* ImageGenerationView.swift */,
				A1000000000000000000000D /* ImagePromptView.swift */,
				A1000000000000000000000E /* ImageParametersView.swift */,
				A1000000000000000000000F /* ImagePreviewView.swift */,
				A10000000000000000000010 /* BackendSelectorView.swift */,
				A10000000000000000000061 /* GenerationQueueView.swift */,
				A10000000000000000000064 /* ImageComparisonView.swift */,
				A10000000000000000000065 /* PromptHistoryView.swift */,
			);
			path = Images;
			sourceTree = "<group>";
		};
		C10000000000000000000008 /* Common */ = {
			isa = PBXGroup;
			children = (
				A10000000000000000000011 /* ProgressOverlayView.swift */,
				A10000000000000000000012 /* StatusBarView.swift */,
			);
			path = Common;
			sourceTree = "<group>";
		};
		C10000000000000000000009 /* Settings */ = {
			isa = PBXGroup;
			children = (
				A10000000000000000000013 /* SettingsView.swift */,
				A10000000000000000000014 /* BackendSettingsView.swift */,
				A10000000000000000000047 /* LLMSettingsView.swift */,
			);
			path = Settings;
			sourceTree = "<group>";
		};
		C1000000000000000000000A /* Videos */ = {
			isa = PBXGroup;
			children = (
				A1000000000000000000002A /* VideoGenerationView.swift */,
				A1000000000000000000002B /* VideoPreviewView.swift */,
			);
			path = Videos;
			sourceTree = "<group>";
		};
		C1000000000000000000000B /* Audio */ = {
			isa = PBXGroup;
			children = (
				A1000000000000000000002C /* AudioTabView.swift */,
				A1000000000000000000002D /* TTSView.swift */,
				A1000000000000000000002E /* VoiceCloningView.swift */,
				A1000000000000000000002F /* MusicGenerationView.swift */,
				A10000000000000000000030 /* SpeechToTextView.swift */,
				A10000000000000000000031 /* AudioPlayerView.swift */,
			);
			path = Audio;
			sourceTree = "<group>";
		};
		C1000000000000000000000C /* Gallery */ = {
			isa = PBXGroup;
			children = (
				A10000000000000000000032 /* GalleryView.swift */,
				A10000000000000000000033 /* GalleryGridView.swift */,
				A10000000000000000000034 /* MediaDetailView.swift */,
			);
			path = Gallery;
			sourceTree = "<group>";
		};
		C1000000000000000000000D /* Utilities */ = {
			isa = PBXGroup;
			children = (
				A10000000000000000000015 /* SecureLogger.swift */,
				A10000000000000000000016 /* SecurityUtils.swift */,
				A10000000000000000000017 /* ImageUtils.swift */,
				A10000000000000000000018 /* FileOrganizer.swift */,
				A10000000000000000000063 /* RetryHandler.swift */,
			);
			path = Utilities;
			sourceTree = "<group>";
		};
		C10000000000000000000010 /* Chat */ = {
			isa = PBXGroup;
			children = (
				A10000000000000000000044 /* ChatView.swift */,
				A10000000000000000000045 /* ChatMessageView.swift */,
				A10000000000000000000046 /* LLMBackendStatusMenu.swift */,
			);
			path = Chat;
			sourceTree = "<group>";
		};
		W1DGET1AIST_GROUP123456 /* AIStudio Widget */ = {
			isa = PBXGroup;
			children = (
				W1DGET1AIST_SRCMAIN1234 /* AIStudioWidget.swift */,
				W1DGET1AIST_SRCDATA1234 /* WidgetData.swift */,
				W1DGET1AIST_SRCSHRD1234 /* SharedDataManager.swift */,
				W1DGET1AIST_ENTITLE1234 /* AIStudio_Widget.entitlements */,
			);
			path = "AIStudio Widget";
			sourceTree = "<group>";
		};
		C1000000000000000000000E /* Products */ = {
			isa = PBXGroup;
			children = (
				A1000000000000000000001B /* AIStudio.app */,
				W1DGET1AIST_APPEX123456 /* AIStudio Widget.appex */,
			);
			name = Products;
			sourceTree = "<group>";
		};
		PYGRP00000000000000001 /* Python */ = {
			isa = PBXGroup;
			children = (
				PY0000000000000000000001 /* aistudio_daemon.py */,
				PY0000000000000000000002 /* mlx_image_gen.py */,
				PY0000000000000000000003 /* mlx_tts.py */,
				PY0000000000000000000004 /* mlx_voice_clone.py */,
				PY0000000000000000000005 /* mlx_whisper_stt.py */,
				PY0000000000000000000006 /* mlx_music_gen.py */,
				PY0000000000000000000007 /* requirements.txt */,
			);
			path = Python;
			sourceTree = "<group>";
		};
/* End PBXGroup section */

/* Begin PBXNativeTarget section */
		E10000000000000000000008 /* AIStudio */ = {
			isa = PBXNativeTarget;
			buildConfigurationList = E10000000000000000000005 /* Build configuration list for PBXNativeTarget "AIStudio" */;
			buildPhases = (
				D10000000000000000000001 /* Sources */,
				D10000000000000000000002 /* Resources */,
				D10000000000000000000003 /* Frameworks */,
				W1DGET1AIST_EMBED123456 /* Embed Foundation Extensions */,
			);
			buildRules = (
			);
			dependencies = (
				W1DGET1AIST_DEPEND12345 /* PBXTargetDependency */,
			);
			name = AIStudio;
			productName = AIStudio;
			productReference = A1000000000000000000001B /* AIStudio.app */;
			productType = "com.apple.product-type.application";
		};
		W1DGET1AIST_TARGET12345 /* AIStudio Widget */ = {
			isa = PBXNativeTarget;
			buildConfigurationList = W1DGET1AIST_CFGLIST1234 /* Build configuration list for PBXNativeTarget "AIStudio Widget" */;
			buildPhases = (
				W1DGET1AIST_SRCPHASE123 /* Sources */,
				W1DGET1AIST_FRMPHASE123 /* Frameworks */,
				W1DGET1AIST_RESPHASE123 /* Resources */,
			);
			buildRules = (
			);
			dependencies = (
			);
			name = "AIStudio Widget";
			productName = "AIStudio Widget";
			productReference = W1DGET1AIST_APPEX123456 /* AIStudio Widget.appex */;
			productType = "com.apple.product-type.app-extension";
		};
/* End PBXNativeTarget section */

/* Begin PBXProject section */
		E10000000000000000000007 /* Project object */ = {
			isa = PBXProject;
			attributes = {
				BuildIndependentTargetsInParallel = 1;
				LastSwiftUpdateCheck = 1540;
				LastUpgradeCheck = 1540;
				TargetAttributes = {
					E10000000000000000000008 = {
						CreatedOnToolsVersion = 15.4;
					};
					W1DGET1AIST_TARGET12345 = {
						CreatedOnToolsVersion = 15.4;
					};
				};
			};
			buildConfigurationList = E10000000000000000000006 /* Build configuration list for PBXProject "AIStudio" */;
			compatibilityVersion = "Xcode 14.0";
			developmentRegion = en;
			hasScannedForEncodings = 0;
			knownRegions = (
				en,
				Base,
			);
			mainGroup = C10000000000000000000001 /* Root */;
			productRefGroup = C1000000000000000000000E /* Products */;
			projectDirPath = "";
			projectRoot = "";
			targets = (
				E10000000000000000000008 /* AIStudio */,
				W1DGET1AIST_TARGET12345 /* AIStudio Widget */,
			);
		};
/* End PBXProject section */

/* Begin PBXResourcesBuildPhase section */
		D10000000000000000000002 /* Resources */ = {
			isa = PBXResourcesBuildPhase;
			buildActionMask = 2147483647;
			files = (
				A10000000000000000001AB1 /* Assets.xcassets in Resources */,
				PY00000000000000000001B1 /* aistudio_daemon.py in Resources */,
				PY00000000000000000002B1 /* mlx_image_gen.py in Resources */,
				PY00000000000000000003B1 /* mlx_tts.py in Resources */,
				PY00000000000000000004B1 /* mlx_voice_clone.py in Resources */,
				PY00000000000000000005B1 /* mlx_whisper_stt.py in Resources */,
				PY00000000000000000006B1 /* mlx_music_gen.py in Resources */,
				PY00000000000000000007B1 /* requirements.txt in Resources */,
			);
			runOnlyForDeploymentPostprocessing = 0;
		};
		W1DGET1AIST_RESPHASE123 /* Resources */ = {
			isa = PBXResourcesBuildPhase;
			buildActionMask = 2147483647;
			files = (
				W1DGET1AIST_BLDASST1234 /* Assets.xcassets in Resources */,
			);
			runOnlyForDeploymentPostprocessing = 0;
		};
/* End PBXResourcesBuildPhase section */

/* Begin PBXSourcesBuildPhase section */
		D10000000000000000000001 /* Sources */ = {
			isa = PBXSourcesBuildPhase;
			buildActionMask = 2147483647;
			files = (
				A100000000000000000001B1 /* AIStudioApp.swift in Sources */,
				A100000000000000000002B1 /* ContentView.swift in Sources */,
				A100000000000000000003B1 /* AppSettings.swift in Sources */,
				A100000000000000000004B1 /* GenerationRequest.swift in Sources */,
				A100000000000000000005B1 /* GenerationResult.swift in Sources */,
				A100000000000000000006B1 /* BackendConfiguration.swift in Sources */,
				A100000000000000000007B1 /* MediaItem.swift in Sources */,
				A100000000000000000008B1 /* ImageBackendProtocol.swift in Sources */,
				A100000000000000000009B1 /* Automatic1111Service.swift in Sources */,
				A10000000000000000000AB1 /* BackendManager.swift in Sources */,
				A10000000000000000000BB1 /* ImageGenerationViewModel.swift in Sources */,
				A10000000000000000000CB1 /* ImageGenerationView.swift in Sources */,
				A10000000000000000000DB1 /* ImagePromptView.swift in Sources */,
				A10000000000000000000EB1 /* ImageParametersView.swift in Sources */,
				A10000000000000000000FB1 /* ImagePreviewView.swift in Sources */,
				A100000000000000000010B1 /* BackendSelectorView.swift in Sources */,
				A100000000000000000011B1 /* ProgressOverlayView.swift in Sources */,
				A100000000000000000012B1 /* StatusBarView.swift in Sources */,
				A100000000000000000013B1 /* SettingsView.swift in Sources */,
				A100000000000000000014B1 /* BackendSettingsView.swift in Sources */,
				A100000000000000000015B1 /* SecureLogger.swift in Sources */,
				A100000000000000000016B1 /* SecurityUtils.swift in Sources */,
				A100000000000000000017B1 /* ImageUtils.swift in Sources */,
				A100000000000000000018B1 /* FileOrganizer.swift in Sources */,
				A100000000000000000020B1 /* ComfyUIService.swift in Sources */,
				A100000000000000000021B1 /* PythonDaemonService.swift in Sources */,
				A100000000000000000022B1 /* MLXImageService.swift in Sources */,
				A100000000000000000023B1 /* MLXAudioService.swift in Sources */,
				A100000000000000000024B1 /* SwarmUIService.swift in Sources */,
				A100000000000000000025B1 /* GalleryService.swift in Sources */,
				A100000000000000000026B1 /* MediaExportService.swift in Sources */,
				A100000000000000000027B1 /* VideoGenerationViewModel.swift in Sources */,
				A100000000000000000028B1 /* AudioViewModel.swift in Sources */,
				A100000000000000000029B1 /* GalleryViewModel.swift in Sources */,
				A10000000000000000002AB1 /* VideoGenerationView.swift in Sources */,
				A10000000000000000002BB1 /* VideoPreviewView.swift in Sources */,
				A10000000000000000002CB1 /* AudioTabView.swift in Sources */,
				A10000000000000000002DB1 /* TTSView.swift in Sources */,
				A10000000000000000002EB1 /* VoiceCloningView.swift in Sources */,
				A10000000000000000002FB1 /* MusicGenerationView.swift in Sources */,
				A100000000000000000030B1 /* SpeechToTextView.swift in Sources */,
				A100000000000000000031B1 /* AudioPlayerView.swift in Sources */,
				A100000000000000000032B1 /* GalleryView.swift in Sources */,
				A100000000000000000033B1 /* GalleryGridView.swift in Sources */,
				A100000000000000000034B1 /* MediaDetailView.swift in Sources */,
				A100000000000000000040B1 /* LLMBackendType.swift in Sources */,
				A100000000000000000041B1 /* ChatMessage.swift in Sources */,
				A100000000000000000042B1 /* LLMBackendManager.swift in Sources */,
				A100000000000000000043B1 /* ChatViewModel.swift in Sources */,
				A100000000000000000044B1 /* ChatView.swift in Sources */,
				A100000000000000000045B1 /* ChatMessageView.swift in Sources */,
				A100000000000000000046B1 /* LLMBackendStatusMenu.swift in Sources */,
				A100000000000000000047B1 /* LLMSettingsView.swift in Sources */,
				A100000000000000000050B1 /* WidgetDataSync.swift in Sources */,
				A100000000000000000060B1 /* GenerationQueue.swift in Sources */,
				A100000000000000000061B1 /* GenerationQueueView.swift in Sources */,
				A100000000000000000062B1 /* PromptHistory.swift in Sources */,
				A100000000000000000063B1 /* RetryHandler.swift in Sources */,
				A100000000000000000064B1 /* ImageComparisonView.swift in Sources */,
				A100000000000000000065B1 /* PromptHistoryView.swift in Sources */,
			);
			runOnlyForDeploymentPostprocessing = 0;
		};
		W1DGET1AIST_SRCPHASE123 /* Sources */ = {
			isa = PBXSourcesBuildPhase;
			buildActionMask = 2147483647;
			files = (
				W1DGET1AIST_BLDMAIN1234 /* AIStudioWidget.swift in Sources */,
				W1DGET1AIST_BLDDATA1234 /* WidgetData.swift in Sources */,
				W1DGET1AIST_BLDSHRD1234 /* SharedDataManager.swift in Sources */,
			);
			runOnlyForDeploymentPostprocessing = 0;
		};
/* End PBXSourcesBuildPhase section */

/* Begin PBXTargetDependency section */
		W1DGET1AIST_DEPEND12345 /* PBXTargetDependency */ = {
			isa = PBXTargetDependency;
			target = W1DGET1AIST_TARGET12345 /* AIStudio Widget */;
			targetProxy = W1DGET1AIST_PROXY123456 /* PBXContainerItemProxy */;
		};
/* End PBXTargetDependency section */

/* Begin XCBuildConfiguration section */
		E10000000000000000000001 /* Debug */ = {
			isa = XCBuildConfiguration;
			buildSettings = {
				ALWAYS_EMBED_SWIFT_STANDARD_LIBRARIES = YES;
				ASSETCATALOG_COMPILER_APPICON_NAME = AppIcon;
				ASSETCATALOG_COMPILER_GLOBAL_ACCENT_COLOR_NAME = AccentColor;
				CODE_SIGN_ENTITLEMENTS = AIStudio/AIStudio.entitlements;
				CODE_SIGN_IDENTITY = "Apple Development";
				"CODE_SIGN_IDENTITY[sdk=macosx*]" = "-";
				CODE_SIGN_STYLE = Automatic;
				COMBINE_HIDPI_IMAGES = YES;
				CURRENT_PROJECT_VERSION = 5;
				DEVELOPMENT_TEAM = QRRCB8HB3W;
				ENABLE_HARDENED_RUNTIME = YES;
				GENERATE_INFOPLIST_FILE = YES;
				INFOPLIST_KEY_CFBundleDisplayName = "AI Studio";
				INFOPLIST_KEY_LSApplicationCategoryType = "public.app-category.graphics-design";
				INFOPLIST_KEY_NSHumanReadableCopyright = "Copyright © 2026 Jordan Koch. All rights reserved.";
				LD_RUNPATH_SEARCH_PATHS = (
					"$(inherited)",
					"@executable_path/../Frameworks",
				);
				MARKETING_VERSION = 2.3.0;
				PRODUCT_BUNDLE_IDENTIFIER = com.jkoch.aistudio;
				PRODUCT_NAME = "$(TARGET_NAME)";
				SWIFT_EMIT_LOC_STRINGS = YES;
				SWIFT_VERSION = 5.0;
			};
			name = Debug;
		};
		E10000000000000000000002 /* Release */ = {
			isa = XCBuildConfiguration;
			buildSettings = {
				ALWAYS_EMBED_SWIFT_STANDARD_LIBRARIES = YES;
				ASSETCATALOG_COMPILER_APPICON_NAME = AppIcon;
				ASSETCATALOG_COMPILER_GLOBAL_ACCENT_COLOR_NAME = AccentColor;
				CODE_SIGN_ENTITLEMENTS = AIStudio/AIStudio.entitlements;
				CODE_SIGN_IDENTITY = "Apple Development";
				"CODE_SIGN_IDENTITY[sdk=macosx*]" = "-";
				CODE_SIGN_STYLE = Automatic;
				COMBINE_HIDPI_IMAGES = YES;
				CURRENT_PROJECT_VERSION = 5;
				DEVELOPMENT_TEAM = QRRCB8HB3W;
				ENABLE_HARDENED_RUNTIME = YES;
				GENERATE_INFOPLIST_FILE = YES;
				INFOPLIST_KEY_CFBundleDisplayName = "AI Studio";
				INFOPLIST_KEY_LSApplicationCategoryType = "public.app-category.graphics-design";
				INFOPLIST_KEY_NSHumanReadableCopyright = "Copyright © 2026 Jordan Koch. All rights reserved.";
				LD_RUNPATH_SEARCH_PATHS = (
					"$(inherited)",
					"@executable_path/../Frameworks",
				);
				MARKETING_VERSION = 2.3.0;
				PRODUCT_BUNDLE_IDENTIFIER = com.jkoch.aistudio;
				PRODUCT_NAME = "$(TARGET_NAME)";
				SWIFT_EMIT_LOC_STRINGS = YES;
				SWIFT_VERSION = 5.0;
			};
			name = Release;
		};
		E10000000000000000000003 /* Debug */ = {
			isa = XCBuildConfiguration;
			buildSettings = {
				ALWAYS_SEARCH_USER_PATHS = NO;
				ASSETCATALOG_COMPILER_GENERATE_SWIFT_ASSET_SYMBOL_EXTENSIONS = YES;
				CLANG_ANALYZER_NONNULL = YES;
				CLANG_ANALYZER_NUMBER_OBJECT_CONVERSION = YES_AGGRESSIVE;
				CLANG_CXX_LANGUAGE_STANDARD = "gnu++20";
				CLANG_ENABLE_MODULES = YES;
				CLANG_ENABLE_OBJC_ARC = YES;
				CLANG_ENABLE_OBJC_WEAK = YES;
				CLANG_WARN_BLOCK_CAPTURE_AUTORELEASING = YES;
				CLANG_WARN_BOOL_CONVERSION = YES;
				CLANG_WARN_COMMA = YES;
				CLANG_WARN_CONSTANT_CONVERSION = YES;
				CLANG_WARN_DEPRECATED_OBJC_IMPLEMENTATIONS = YES;
				CLANG_WARN_DIRECT_OBJC_ISA_USAGE = YES_ERROR;
				CLANG_WARN_DOCUMENTATION_COMMENTS = YES;
				CLANG_WARN_EMPTY_BODY = YES;
				CLANG_WARN_ENUM_CONVERSION = YES;
				CLANG_WARN_INFINITE_RECURSION = YES;
				CLANG_WARN_INT_CONVERSION = YES;
				CLANG_WARN_NON_LITERAL_NULL_CONVERSION = YES;
				CLANG_WARN_OBJC_IMPLICIT_RETAIN_SELF = YES;
				CLANG_WARN_OBJC_LITERAL_CONVERSION = YES;
				CLANG_WARN_OBJC_ROOT_CLASS = YES_ERROR;
				CLANG_WARN_QUOTED_INCLUDE_IN_FRAMEWORK_HEADER = YES;
				CLANG_WARN_RANGE_LOOP_ANALYSIS = YES;
				CLANG_WARN_STRICT_PROTOTYPES = YES;
				CLANG_WARN_SUSPICIOUS_MOVE = YES;
				CLANG_WARN_UNGUARDED_AVAILABILITY = YES_AGGRESSIVE;
				CLANG_WARN_UNREACHABLE_CODE = YES;
				CLANG_WARN__DUPLICATE_METHOD_MATCH = YES;
				COPY_PHASE_STRIP = NO;
				DEBUG_INFORMATION_FORMAT = dwarf;
				ENABLE_STRICT_OBJC_MSGSEND = YES;
				ENABLE_TESTABILITY = YES;
				ENABLE_USER_SCRIPT_SANDBOXING = YES;
				GCC_C_LANGUAGE_STANDARD = gnu17;
				GCC_DYNAMIC_NO_PIC = NO;
				GCC_NO_COMMON_BLOCKS = YES;
				GCC_OPTIMIZATION_LEVEL = 0;
				GCC_PREPROCESSOR_DEFINITIONS = (
					"DEBUG=1",
					"$(inherited)",
				);
				GCC_WARN_64_TO_32_BIT_CONVERSION = YES;
				GCC_WARN_ABOUT_RETURN_TYPE = YES_ERROR;
				GCC_WARN_UNDECLARED_SELECTOR = YES;
				GCC_WARN_UNINITIALIZED_AUTOS = YES_AGGRESSIVE;
				GCC_WARN_UNUSED_FUNCTION = YES;
				GCC_WARN_UNUSED_VARIABLE = YES;
				MACOSX_DEPLOYMENT_TARGET = 14.0;
				MTL_ENABLE_DEBUG_INFO = INCLUDE_SOURCE;
				MTL_FAST_MATH = YES;
				ONLY_ACTIVE_ARCH = YES;
				SDKROOT = macosx;
				SWIFT_ACTIVE_COMPILATION_CONDITIONS = "$(inherited) DEBUG";
				SWIFT_OPTIMIZATION_LEVEL = "-Onone";
				SWIFT_STRICT_CONCURRENCY = complete;
			};
			name = Debug;
		};
		E10000000000000000000004 /* Release */ = {
			isa = XCBuildConfiguration;
			buildSettings = {
				ALWAYS_SEARCH_USER_PATHS = NO;
				ASSETCATALOG_COMPILER_GENERATE_SWIFT_ASSET_SYMBOL_EXTENSIONS = YES;
				CLANG_ANALYZER_NONNULL = YES;
				CLANG_ANALYZER_NUMBER_OBJECT_CONVERSION = YES_AGGRESSIVE;
				CLANG_CXX_LANGUAGE_STANDARD = "gnu++20";
				CLANG_ENABLE_MODULES = YES;
				CLANG_ENABLE_OBJC_ARC = YES;
				CLANG_ENABLE_OBJC_WEAK = YES;
				CLANG_WARN_BLOCK_CAPTURE_AUTORELEASING = YES;
				CLANG_WARN_BOOL_CONVERSION = YES;
				CLANG_WARN_COMMA = YES;
				CLANG_WARN_CONSTANT_CONVERSION = YES;
				CLANG_WARN_DEPRECATED_OBJC_IMPLEMENTATIONS = YES;
				CLANG_WARN_DIRECT_OBJC_ISA_USAGE = YES_ERROR;
				CLANG_WARN_DOCUMENTATION_COMMENTS = YES;
				CLANG_WARN_EMPTY_BODY = YES;
				CLANG_WARN_ENUM_CONVERSION = YES;
				CLANG_WARN_INFINITE_RECURSION = YES;
				CLANG_WARN_INT_CONVERSION = YES;
				CLANG_WARN_NON_LITERAL_NULL_CONVERSION = YES;
				CLANG_WARN_OBJC_IMPLICIT_RETAIN_SELF = YES;
				CLANG_WARN_OBJC_LITERAL_CONVERSION = YES;
				CLANG_WARN_OBJC_ROOT_CLASS = YES_ERROR;
				CLANG_WARN_QUOTED_INCLUDE_IN_FRAMEWORK_HEADER = YES;
				CLANG_WARN_RANGE_LOOP_ANALYSIS = YES;
				CLANG_WARN_STRICT_PROTOTYPES = YES;
				CLANG_WARN_SUSPICIOUS_MOVE = YES;
				CLANG_WARN_UNGUARDED_AVAILABILITY = YES_AGGRESSIVE;
				CLANG_WARN_UNREACHABLE_CODE = YES;
				CLANG_WARN__DUPLICATE_METHOD_MATCH = YES;
				COPY_PHASE_STRIP = NO;
				DEBUG_INFORMATION_FORMAT = "dwarf-with-dsym";
				ENABLE_NS_ASSERTIONS = NO;
				ENABLE_STRICT_OBJC_MSGSEND = YES;
				ENABLE_USER_SCRIPT_SANDBOXING = YES;
				GCC_C_LANGUAGE_STANDARD = gnu17;
				GCC_NO_COMMON_BLOCKS = YES;
				GCC_WARN_64_TO_32_BIT_CONVERSION = YES;
				GCC_WARN_ABOUT_RETURN_TYPE = YES_ERROR;
				GCC_WARN_UNDECLARED_SELECTOR = YES;
				GCC_WARN_UNINITIALIZED_AUTOS = YES_AGGRESSIVE;
				GCC_WARN_UNUSED_FUNCTION = YES;
				GCC_WARN_UNUSED_VARIABLE = YES;
				MACOSX_DEPLOYMENT_TARGET = 14.0;
				MTL_ENABLE_DEBUG_INFO = NO;
				MTL_FAST_MATH = YES;
				SDKROOT = macosx;
				SWIFT_COMPILATION_MODE = wholemodule;
				SWIFT_STRICT_CONCURRENCY = complete;
			};
			name = Release;
		};
		/* Widget build configurations */
		W1DGET1AIST_DBGCFG12345 /* Debug */ = {
			isa = XCBuildConfiguration;
			buildSettings = {
				ASSETCATALOG_COMPILER_GLOBAL_ACCENT_COLOR_NAME = AccentColor;
				ASSETCATALOG_COMPILER_WIDGET_BACKGROUND_COLOR_NAME = WidgetBackground;
				CODE_SIGN_ENTITLEMENTS = "AIStudio Widget/AIStudio_Widget.entitlements";
				CODE_SIGN_IDENTITY = "-";
				CODE_SIGN_STYLE = Automatic;
				CURRENT_PROJECT_VERSION = 5;
				DEVELOPMENT_TEAM = "";
				GENERATE_INFOPLIST_FILE = YES;
				INFOPLIST_FILE = "AIStudio Widget/Info.plist";
				INFOPLIST_KEY_CFBundleDisplayName = "AIStudio Widget";
				INFOPLIST_KEY_NSHumanReadableCopyright = "Copyright © 2026 Jordan Koch. All rights reserved.";
				LD_RUNPATH_SEARCH_PATHS = (
					"$(inherited)",
					"@executable_path/../Frameworks",
					"@executable_path/../../../../Frameworks",
				);
				MACOSX_DEPLOYMENT_TARGET = 14.0;
				MARKETING_VERSION = 2.3.0;
				PRODUCT_BUNDLE_IDENTIFIER = com.jkoch.aistudio.widget;
				PRODUCT_NAME = "$(TARGET_NAME)";
				SDKROOT = macosx;
				SKIP_INSTALL = YES;
				SWIFT_EMIT_LOC_STRINGS = YES;
				SWIFT_VERSION = 5.0;
			};
			name = Debug;
		};
		W1DGET1AIST_RELCFG12345 /* Release */ = {
			isa = XCBuildConfiguration;
			buildSettings = {
				ASSETCATALOG_COMPILER_GLOBAL_ACCENT_COLOR_NAME = AccentColor;
				ASSETCATALOG_COMPILER_WIDGET_BACKGROUND_COLOR_NAME = WidgetBackground;
				CODE_SIGN_ENTITLEMENTS = "AIStudio Widget/AIStudio_Widget.entitlements";
				CODE_SIGN_IDENTITY = "-";
				CODE_SIGN_STYLE = Automatic;
				CURRENT_PROJECT_VERSION = 5;
				DEVELOPMENT_TEAM = "";
				GENERATE_INFOPLIST_FILE = YES;
				INFOPLIST_FILE = "AIStudio Widget/Info.plist";
				INFOPLIST_KEY_CFBundleDisplayName = "AIStudio Widget";
				INFOPLIST_KEY_NSHumanReadableCopyright = "Copyright © 2026 Jordan Koch. All rights reserved.";
				LD_RUNPATH_SEARCH_PATHS = (
					"$(inherited)",
					"@executable_path/../Frameworks",
					"@executable_path/../../../../Frameworks",
				);
				MACOSX_DEPLOYMENT_TARGET = 14.0;
				MARKETING_VERSION = 2.3.0;
				PRODUCT_BUNDLE_IDENTIFIER = com.jkoch.aistudio.widget;
				PRODUCT_NAME = "$(TARGET_NAME)";
				SDKROOT = macosx;
				SKIP_INSTALL = YES;
				SWIFT_EMIT_LOC_STRINGS = YES;
				SWIFT_VERSION = 5.0;
			};
			name = Release;
		};
/* End XCBuildConfiguration section */

/* Begin XCConfigurationList section */
		E10000000000000000000005 /* Build configuration list for PBXNativeTarget "AIStudio" */ = {
			isa = XCConfigurationList;
			buildConfigurations = (
				E10000000000000000000001 /* Debug */,
				E10000000000000000000002 /* Release */,
			);
			defaultConfigurationIsVisible = 0;
			defaultConfigurationName = Release;
		};
		E10000000000000000000006 /* Build configuration list for PBXProject "AIStudio" */ = {
			isa = XCConfigurationList;
			buildConfigurations = (
				E10000000000000000000003 /* Debug */,
				E10000000000000000000004 /* Release */,
			);
			defaultConfigurationIsVisible = 0;
			defaultConfigurationName = Release;
		};
		W1DGET1AIST_CFGLIST1234 /* Build configuration list for PBXNativeTarget "AIStudio Widget" */ = {
			isa = XCConfigurationList;
			buildConfigurations = (
				W1DGET1AIST_DBGCFG12345 /* Debug */,
				W1DGET1AIST_RELCFG12345 /* Release */,
			);
			defaultConfigurationIsVisible = 0;
			defaultConfigurationName = Release;
		};
/* End XCConfigurationList section */
	};
	rootObject = E10000000000000000000007 /* Project object */;
}
